{
    "name": "@crazy-web/feedback",
    "version": "2.0.0",
    "lockfileVersion": 3,
    "requires": true,
    "packages": {
        "": {
            "name": "@crazy-web/feedback",
            "version": "2.0.0",
            "license": "MIT",
            "dependencies": {
                "marked": "^15.0.9"
            },
            "devDependencies": {
                "typescript": "^5.3.2"
            }
        },
        "node_modules/marked": {
            "version": "15.0.9",
            "resolved": "https://registry.npmjs.org/marked/-/marked-15.0.9.tgz",
            "integrity": "sha512-9AW/bn9DxQeZVjR52l5jsc0W2pwuhP04QaQewPvylil12Cfr2GBfWmgp6mu8i9Jy8UlBjqDZ9uMTDuJ8QOGZJA==",
            "bin": {
                "marked": "bin/marked.js"
            },
            "engines": {
                "node": ">= 18"
            }
        },
        "node_modules/typescript": {
            "version": "5.7.3",
            "resolved": "https://registry.npmjs.org/typescript/-/typescript-5.7.3.tgz",
            "integrity": "sha512-84MVSjMEHP+FQRPy3pX9sTVV/INIex71s9TL2Gm5FG/WG1SqXeKyZ0k7/blY/4FdOzI12CBy1vGc4og/eus0fw==",
            "dev": true,
            "bin": {
                "tsc": "bin/tsc",
                "tsserver": "bin/tsserver"
            },
            "engines": {
                "node": ">=14.17"
            }
        }
    }
}
